
Microsoft Visual Studio Solution File, Format Version 11.00
# Visual Studio 2010
Project("{FAE04EC0-301F-11D3-BF4B-00C04F79EFBC}") = "UnityEngine.TestRunner", "UnityEngine.TestRunner.csproj", "{4c0ed441-3890-c828-41a5-a41e4a419080}"
EndProject
Project("{FAE04EC0-301F-11D3-BF4B-00C04F79EFBC}") = "Unity.Timeline", "Unity.Timeline.csproj", "{8363e2ab-1975-0006-9e93-79a1d01ef664}"
EndProject
Project("{FAE04EC0-301F-11D3-BF4B-00C04F79EFBC}") = "UnityEngine.UI", "UnityEngine.UI.csproj", "{975ea4d7-40b6-3fae-d3aa-d4d01f042d0a}"
EndProject
Project("{FAE04EC0-301F-11D3-BF4B-00C04F79EFBC}") = "Unity.TextMeshPro", "Unity.TextMeshPro.csproj", "{6813fe94-cef6-4273-0072-1b79bdfaa445}"
EndProject
Project("{FAE04EC0-301F-11D3-BF4B-00C04F79EFBC}") = "Assembly-CSharp", "Assembly-CSharp.csproj", "{55e45258-0ab9-33da-fb45-be959afeb886}"
EndProject
Project("{FAE04EC0-301F-11D3-BF4B-00C04F79EFBC}") = "UnityEditor.TestRunner", "UnityEditor.TestRunner.csproj", "{13411a12-3c5c-51ce-8521-caf63dacc299}"
EndProject
Project("{FAE04EC0-301F-11D3-BF4B-00C04F79EFBC}") = "Unity.PlasticSCM.Editor", "Unity.PlasticSCM.Editor.csproj", "{be4e8d93-df81-572b-4d3d-5c277e80c233}"
EndProject
Project("{FAE04EC0-301F-11D3-BF4B-00C04F79EFBC}") = "UnityEditor.UI", "UnityEditor.UI.csproj", "{8a49466e-79ae-52fa-d303-5c08f762afe7}"
EndProject
Project("{FAE04EC0-301F-11D3-BF4B-00C04F79EFBC}") = "Unity.Timeline.Editor", "Unity.Timeline.Editor.csproj", "{d4608307-d171-e6bb-8e08-a243f236bb22}"
EndProject
Project("{FAE04EC0-301F-11D3-BF4B-00C04F79EFBC}") = "Unity.VisualStudio.Editor", "Unity.VisualStudio.Editor.csproj", "{00bc4c08-35f2-8687-9e69-ced0309e456d}"
EndProject
Project("{FAE04EC0-301F-11D3-BF4B-00C04F79EFBC}") = "Unity.TextMeshPro.Editor", "Unity.TextMeshPro.Editor.csproj", "{0b799355-00e0-e788-90ff-031b0e0d6746}"
EndProject
Project("{FAE04EC0-301F-11D3-BF4B-00C04F79EFBC}") = "Unity.CollabProxy.Editor", "Unity.CollabProxy.Editor.csproj", "{0ac6193b-4742-fa2c-7a3d-b393d497b91b}"
EndProject
Project("{FAE04EC0-301F-11D3-BF4B-00C04F79EFBC}") = "Unity.Rider.Editor", "Unity.Rider.Editor.csproj", "{6bd9a0e0-33da-b966-696a-0228cb0c4834}"
EndProject
Project("{FAE04EC0-301F-11D3-BF4B-00C04F79EFBC}") = "Unity.VSCode.Editor", "Unity.VSCode.Editor.csproj", "{8abadfd9-dbd9-6599-4f95-72a18d8527a5}"
EndProject
Global
	GlobalSection(SolutionConfigurationPlatforms) = preSolution
		Debug|Any CPU = Debug|Any CPU
	EndGlobalSection
	GlobalSection(ProjectConfigurationPlatforms) = postSolution
		{4c0ed441-3890-c828-41a5-a41e4a419080}.Debug|Any CPU.ActiveCfg = Debug|Any CPU
		{4c0ed441-3890-c828-41a5-a41e4a419080}.Debug|Any CPU.Build.0 = Debug|Any CPU
		{8363e2ab-1975-0006-9e93-79a1d01ef664}.Debug|Any CPU.ActiveCfg = Debug|Any CPU
		{8363e2ab-1975-0006-9e93-79a1d01ef664}.Debug|Any CPU.Build.0 = Debug|Any CPU
		{975ea4d7-40b6-3fae-d3aa-d4d01f042d0a}.Debug|Any CPU.ActiveCfg = Debug|Any CPU
		{975ea4d7-40b6-3fae-d3aa-d4d01f042d0a}.Debug|Any CPU.Build.0 = Debug|Any CPU
		{6813fe94-cef6-4273-0072-1b79bdfaa445}.Debug|Any CPU.ActiveCfg = Debug|Any CPU
		{6813fe94-cef6-4273-0072-1b79bdfaa445}.Debug|Any CPU.Build.0 = Debug|Any CPU
		{55e45258-0ab9-33da-fb45-be959afeb886}.Debug|Any CPU.ActiveCfg = Debug|Any CPU
		{55e45258-0ab9-33da-fb45-be959afeb886}.Debug|Any CPU.Build.0 = Debug|Any CPU
		{13411a12-3c5c-51ce-8521-caf63dacc299}.Debug|Any CPU.ActiveCfg = Debug|Any CPU
		{13411a12-3c5c-51ce-8521-caf63dacc299}.Debug|Any CPU.Build.0 = Debug|Any CPU
		{be4e8d93-df81-572b-4d3d-5c277e80c233}.Debug|Any CPU.ActiveCfg = Debug|Any CPU
		{be4e8d93-df81-572b-4d3d-5c277e80c233}.Debug|Any CPU.Build.0 = Debug|Any CPU
		{8a49466e-79ae-52fa-d303-5c08f762afe7}.Debug|Any CPU.ActiveCfg = Debug|Any CPU
		{8a49466e-79ae-52fa-d303-5c08f762afe7}.Debug|Any CPU.Build.0 = Debug|Any CPU
		{d4608307-d171-e6bb-8e08-a243f236bb22}.Debug|Any CPU.ActiveCfg = Debug|Any CPU
		{d4608307-d171-e6bb-8e08-a243f236bb22}.Debug|Any CPU.Build.0 = Debug|Any CPU
		{00bc4c08-35f2-8687-9e69-ced0309e456d}.Debug|Any CPU.ActiveCfg = Debug|Any CPU
		{00bc4c08-35f2-8687-9e69-ced0309e456d}.Debug|Any CPU.Build.0 = Debug|Any CPU
		{0b799355-00e0-e788-90ff-031b0e0d6746}.Debug|Any CPU.ActiveCfg = Debug|Any CPU
		{0b799355-00e0-e788-90ff-031b0e0d6746}.Debug|Any CPU.Build.0 = Debug|Any CPU
		{0ac6193b-4742-fa2c-7a3d-b393d497b91b}.Debug|Any CPU.ActiveCfg = Debug|Any CPU
		{0ac6193b-4742-fa2c-7a3d-b393d497b91b}.Debug|Any CPU.Build.0 = Debug|Any CPU
		{6bd9a0e0-33da-b966-696a-0228cb0c4834}.Debug|Any CPU.ActiveCfg = Debug|Any CPU
		{6bd9a0e0-33da-b966-696a-0228cb0c4834}.Debug|Any CPU.Build.0 = Debug|Any CPU
		{8abadfd9-dbd9-6599-4f95-72a18d8527a5}.Debug|Any CPU.ActiveCfg = Debug|Any CPU
		{8abadfd9-dbd9-6599-4f95-72a18d8527a5}.Debug|Any CPU.Build.0 = Debug|Any CPU
	EndGlobalSection
	GlobalSection(SolutionProperties) = preSolution
		HideSolutionNode = FALSE
	EndGlobalSection
EndGlobal
